
Microsoft Visual Studio Solution File, Format Version 12.00
# Visual Studio Version 17
VisualStudioVersion = 17.6.33723.286
MinimumVisualStudioVersion = 10.0.40219.1
Project("{FAE04EC0-301F-11D3-BF4B-00C04F79EFBC}") = "LabFileSearch", "LabFileSearch\LabFileSearch.csproj", "{7AE3DA44-9777-44D4-9EB2-CB1D4D8194B4}"
EndProject
Global
	GlobalSection(SolutionConfigurationPlatforms) = preSolution
		Debug|Any CPU = Debug|Any CPU
		Release|Any CPU = Release|Any CPU
	EndGlobalSection
	GlobalSection(ProjectConfigurationPlatforms) = postSolution
		{7AE3DA44-9777-44D4-9EB2-CB1D4D8194B4}.Debug|Any CPU.ActiveCfg = Debug|Any CPU
		{7AE3DA44-9777-44D4-9EB2-CB1D4D8194B4}.Debug|Any CPU.Build.0 = Debug|Any CPU
		{7AE3DA44-9777-44D4-9EB2-CB1D4D8194B4}.Release|Any CPU.ActiveCfg = Release|Any CPU
		{7AE3DA44-9777-44D4-9EB2-CB1D4D8194B4}.Release|Any CPU.Build.0 = Release|Any CPU
	EndGlobalSection
	GlobalSection(SolutionProperties) = preSolution
		HideSolutionNode = FALSE
	EndGlobalSection
	GlobalSection(ExtensibilityGlobals) = postSolution
		SolutionGuid = {0334D2CB-EC8D-49F2-A19F-3ACD8A820123}
	EndGlobalSection
EndGlobal
